<?xml version="1.0" encoding="utf-8"?>
<Project ToolsVersion="4.0" xmlns="http://schemas.microsoft.com/developer/msbuild/2003">
  <ItemGroup>
    <Filter Include="Source Files">
      <UniqueIdentifier>{d0725174-4427-41e2-8844-faeb9784a696}</UniqueIdentifier>
      <Extensions>cpp;c;cxx;rc;def;r;odl;idl;hpj;bat</Extensions>
    </Filter>
    <Filter Include="Header Files">
      <UniqueIdentifier>{b5fac841-7437-493f-ad30-4b4cedd1acfe}</UniqueIdentifier>
      <Extensions>h;hpp;hxx;hm;inl</Extensions>
    </Filter>
    <Filter Include="Source Files\hlsl_compiled">
      <UniqueIdentifier>{ff161648-6f6d-46ac-af5d-08fdfb82914a}</UniqueIdentifier>
    </Filter>
  </ItemGroup>
  <ItemGroup>
    <ClCompile Include="$(SolutionDir)code\d3d12\tr_animation.cpp">
      <Filter>Source Files</Filter>
    </ClCompile>
    <ClCompile Include="$(SolutionDir)code\d3d12\tr_backend.cpp">
      <Filter>Source Files</Filter>
    </ClCompile>
    <ClCompile Include="$(SolutionDir)code\d3d12\tr_bsp.cpp">
      <Filter>Source Files</Filter>
    </ClCompile>
    <ClCompile Include="$(SolutionDir)code\d3d12\tr_cmds.cpp">
      <Filter>Source Files</Filter>
    </ClCompile>
    <ClCompile Include="$(SolutionDir)code\d3d12\tr_curve.cpp">
      <Filter>Source Files</Filter>
    </ClCompile>
    <ClCompile Include="$(SolutionDir)code\d3d12\tr_font.cpp">
      <Filter>Source Files</Filter>
    </ClCompile>
    <ClCompile Include="$(SolutionDir)code\d3d12\tr_image.cpp">
      <Filter>Source Files</Filter>
    </ClCompile>
    <ClCompile Include="$(SolutionDir)code\d3d12\tr_init.cpp">
      <Filter>Source Files</Filter>
    </ClCompile>
    <ClCompile Include="$(SolutionDir)code\d3d12\tr_light.cpp">
      <Filter>Source Files</Filter>
    </ClCompile>
    <ClCompile Include="$(SolutionDir)code\d3d12\tr_main.cpp">
      <Filter>Source Files</Filter>
    </ClCompile>
    <ClCompile Include="$(SolutionDir)code\d3d12\tr_marks.cpp">
      <Filter>Source Files</Filter>
    </ClCompile>
    <ClCompile Include="$(SolutionDir)code\d3d12\tr_mesh.cpp">
      <Filter>Source Files</Filter>
    </ClCompile>
    <ClCompile Include="$(SolutionDir)code\d3d12\tr_model.cpp">
      <Filter>Source Files</Filter>
    </ClCompile>
    <ClCompile Include="$(SolutionDir)code\d3d12\tr_noise.cpp">
      <Filter>Source Files</Filter>
    </ClCompile>
    <ClCompile Include="$(SolutionDir)code\d3d12\tr_scene.cpp">
      <Filter>Source Files</Filter>
    </ClCompile>
    <ClCompile Include="$(SolutionDir)code\d3d12\tr_shade.cpp">
      <Filter>Source Files</Filter>
    </ClCompile>
    <ClCompile Include="$(SolutionDir)code\d3d12\tr_shade_calc.cpp">
      <Filter>Source Files</Filter>
    </ClCompile>
    <ClCompile Include="$(SolutionDir)code\d3d12\tr_shader.cpp">
      <Filter>Source Files</Filter>
    </ClCompile>
    <ClCompile Include="$(SolutionDir)code\d3d12\tr_shadows.cpp">
      <Filter>Source Files</Filter>
    </ClCompile>
    <ClCompile Include="$(SolutionDir)code\d3d12\tr_sky.cpp">
      <Filter>Source Files</Filter>
    </ClCompile>
    <ClCompile Include="$(SolutionDir)code\d3d12\tr_surface.cpp">
      <Filter>Source Files</Filter>
    </ClCompile>
    <ClCompile Include="$(SolutionDir)code\d3d12\tr_world.cpp">
      <Filter>Source Files</Filter>
    </ClCompile>
    <ClCompile Include="$(SolutionDir)code\d3d12\platform\win_qgl.cpp">
      <Filter>Source Files</Filter>
    </ClCompile>
    <ClCompile Include="$(SolutionDir)code\d3d12\dx.cpp">
      <Filter>Source Files</Filter>
    </ClCompile>
    <ClCompile Include="$(SolutionDir)code\d3d12\shaders\hlsl_compiled\single_texture_ps.cpp">
      <Filter>Source Files\hlsl_compiled</Filter>
    </ClCompile>
    <ClCompile Include="$(SolutionDir)code\d3d12\shaders\hlsl_compiled\single_texture_vs.cpp">
      <Filter>Source Files\hlsl_compiled</Filter>
    </ClCompile>
    <ClCompile Include="$(SolutionDir)code\d3d12\shaders\hlsl_compiled\multi_texture_add_ps.cpp">
      <Filter>Source Files\hlsl_compiled</Filter>
    </ClCompile>
    <ClCompile Include="$(SolutionDir)code\d3d12\shaders\hlsl_compiled\multi_texture_mul_ps.cpp">
      <Filter>Source Files\hlsl_compiled</Filter>
    </ClCompile>
    <ClCompile Include="$(SolutionDir)code\d3d12\shaders\hlsl_compiled\multi_texture_vs.cpp">
      <Filter>Source Files\hlsl_compiled</Filter>
    </ClCompile>
    <ClCompile Include="$(SolutionDir)code\d3d12\shaders\hlsl_compiled\multi_texture_clipping_plane_vs.cpp">
      <Filter>Source Files\hlsl_compiled</Filter>
    </ClCompile>
    <ClCompile Include="$(SolutionDir)code\d3d12\shaders\hlsl_compiled\single_texture_clipping_plane_vs.cpp">
      <Filter>Source Files\hlsl_compiled</Filter>
    </ClCompile>
    <ClCompile Include="$(SolutionDir)code\d3d12\shaders\hlsl_compiled\multi_texture_add_ge80_ps.cpp">
      <Filter>Source Files\hlsl_compiled</Filter>
    </ClCompile>
    <ClCompile Include="$(SolutionDir)code\d3d12\shaders\hlsl_compiled\multi_texture_add_gt0_ps.cpp">
      <Filter>Source Files\hlsl_compiled</Filter>
    </ClCompile>
    <ClCompile Include="$(SolutionDir)code\d3d12\shaders\hlsl_compiled\multi_texture_add_lt80_ps.cpp">
      <Filter>Source Files\hlsl_compiled</Filter>
    </ClCompile>
    <ClCompile Include="$(SolutionDir)code\d3d12\shaders\hlsl_compiled\multi_texture_mul_ge80_ps.cpp">
      <Filter>Source Files\hlsl_compiled</Filter>
    </ClCompile>
    <ClCompile Include="$(SolutionDir)code\d3d12\shaders\hlsl_compiled\multi_texture_mul_gt0_ps.cpp">
      <Filter>Source Files\hlsl_compiled</Filter>
    </ClCompile>
    <ClCompile Include="$(SolutionDir)code\d3d12\shaders\hlsl_compiled\multi_texture_mul_lt80_ps.cpp">
      <Filter>Source Files\hlsl_compiled</Filter>
    </ClCompile>
    <ClCompile Include="$(SolutionDir)code\d3d12\shaders\hlsl_compiled\single_texture_ge80_ps.cpp">
      <Filter>Source Files\hlsl_compiled</Filter>
    </ClCompile>
    <ClCompile Include="$(SolutionDir)code\d3d12\shaders\hlsl_compiled\single_texture_gt0_ps.cpp">
      <Filter>Source Files\hlsl_compiled</Filter>
    </ClCompile>
    <ClCompile Include="$(SolutionDir)code\d3d12\shaders\hlsl_compiled\single_texture_lt80_ps.cpp">
      <Filter>Source Files\hlsl_compiled</Filter>
    </ClCompile>
    <ClCompile Include="..\..\code\qcommon\q_math.c">
      <Filter>Source Files</Filter>
    </ClCompile>
    <ClCompile Include="..\..\code\d3d12\platform\win_gamma.cpp">
      <Filter>Source Files</Filter>
    </ClCompile>
    <ClCompile Include="..\..\code\d3d12\platform\win_glimp.cpp">
      <Filter>Source Files</Filter>
    </ClCompile>
    <ClCompile Include="..\..\code\qcommon\q_shared.c">
      <Filter>Source Files</Filter>
    </ClCompile>
  </ItemGroup>
  <ItemGroup>
    <ClInclude Include="$(SolutionDir)code\qcommon\cm_public.h">
      <Filter>Header Files</Filter>
    </ClInclude>
    <ClInclude Include="$(SolutionDir)code\qcommon\q_shared.h">
      <Filter>Header Files</Filter>
    </ClInclude>
    <ClInclude Include="$(SolutionDir)code\qcommon\qcommon.h">
      <Filter>Header Files</Filter>
    </ClInclude>
    <ClInclude Include="$(SolutionDir)code\qcommon\qfiles.h">
      <Filter>Header Files</Filter>
    </ClInclude>
    <ClInclude Include="$(SolutionDir)code\d3d12\tr_local.h">
      <Filter>Header Files</Filter>
    </ClInclude>
    <ClInclude Include="$(SolutionDir)code\d3d12\platform\win_local.h">
      <Filter>Header Files</Filter>
    </ClInclude>
    <ClInclude Include="$(SolutionDir)code\qcommon\surfaceflags.h">
      <Filter>Header Files</Filter>
    </ClInclude>
    <ClInclude Include="$(SolutionDir)code\renderercommon\tr_types.h">
      <Filter>Header Files</Filter>
    </ClInclude>
    <ClInclude Include="..\..\code\renderercommon\tr_public.h">
      <Filter>Header Files</Filter>
    </ClInclude>
    <ClInclude Include="..\..\code\renderercommon\tr_common.h">
      <Filter>Header Files</Filter>
    </ClInclude>
    <ClInclude Include="..\..\code\server\server.h">
      <Filter>Header Files</Filter>
    </ClInclude>
    <ClInclude Include="..\..\code\qcommon\unzip.h">
      <Filter>Header Files</Filter>
    </ClInclude>
    <ClInclude Include="..\..\code\d3d12\qgl.h">
      <Filter>Header Files</Filter>
    </ClInclude>
    <ClInclude Include="$(SolutionDir)code\d3d12\dx.h">
      <Filter>Header Files</Filter>
    </ClInclude>
  </ItemGroup>
</Project>