<?xml version="1.0" encoding="utf-8"?>
<Project ToolsVersion="4.0" xmlns="http://schemas.microsoft.com/developer/msbuild/2003">
  <ItemGroup>
    <Filter Include="Source Files">
      <UniqueIdentifier>{eb7299c8-1afc-47e0-b536-3def6b87a6b4}</UniqueIdentifier>
      <Extensions>cpp;c;cxx;rc;def;r;odl;hpj;bat;for;f90</Extensions>
    </Filter>
    <Filter Include="Header Files">
      <UniqueIdentifier>{43284a7f-4b4f-41ee-9d9b-e23c38d43342}</UniqueIdentifier>
      <Extensions>h;hpp;hxx;hm;inl;fi;fd</Extensions>
    </Filter>
    <Filter Include="Resource Files">
      <UniqueIdentifier>{51a4cb2a-47e3-4a47-824f-6ffd72d42213}</UniqueIdentifier>
      <Extensions>ico;cur;bmp;dlg;rc2;rct;bin;cnt;rtf;gif;jpg;jpeg;jpe</Extensions>
    </Filter>
    <Filter Include="jpeg">
      <UniqueIdentifier>{1181f838-3dce-421d-adf8-557020ee4e3d}</UniqueIdentifier>
    </Filter>
    <Filter Include="jpeg\Source Files">
      <UniqueIdentifier>{54f46640-75c8-441d-bd73-ee0cf52facfd}</UniqueIdentifier>
    </Filter>
    <Filter Include="jpeg\Header Files">
      <UniqueIdentifier>{fa682954-4996-463f-9749-9764318bd689}</UniqueIdentifier>
    </Filter>
    <Filter Include="zlib">
      <UniqueIdentifier>{a236fa28-5a93-4124-876c-71132bbd629d}</UniqueIdentifier>
    </Filter>
    <Filter Include="GLSL">
      <UniqueIdentifier>{de43510b-ac8b-4a22-9c32-419ea67ab23b}</UniqueIdentifier>
    </Filter>
  </ItemGroup>
  <ItemGroup>
    <ClCompile Include="$(SolutionDir)code\qcommon\puff.c">
      <Filter>Source Files</Filter>
    </ClCompile>
    <ClCompile Include="$(SolutionDir)code\qcommon\q_math.c">
      <Filter>Source Files</Filter>
    </ClCompile>
    <ClCompile Include="$(SolutionDir)code\qcommon\q_shared.c">
      <Filter>Source Files</Filter>
    </ClCompile>
    <ClCompile Include="$(SolutionDir)code\sdl\sdl_gamma.c">
      <Filter>Source Files</Filter>
    </ClCompile>
    <ClCompile Include="$(SolutionDir)code\sdl\sdl_glimp.c">
      <Filter>Source Files</Filter>
    </ClCompile>
    <ClCompile Include="$(SolutionDir)code\renderergl2\tr_animation.c">
      <Filter>Source Files</Filter>
    </ClCompile>
    <ClCompile Include="$(SolutionDir)code\renderergl2\tr_backend.c">
      <Filter>Source Files</Filter>
    </ClCompile>
    <ClCompile Include="$(SolutionDir)code\renderergl2\tr_bsp.c">
      <Filter>Source Files</Filter>
    </ClCompile>
    <ClCompile Include="$(SolutionDir)code\renderergl2\tr_cmds.c">
      <Filter>Source Files</Filter>
    </ClCompile>
    <ClCompile Include="$(SolutionDir)code\renderergl2\tr_curve.c">
      <Filter>Source Files</Filter>
    </ClCompile>
    <ClCompile Include="$(SolutionDir)code\renderergl2\tr_extensions.c">
      <Filter>Source Files</Filter>
    </ClCompile>
    <ClCompile Include="$(SolutionDir)code\renderergl2\tr_extramath.c">
      <Filter>Source Files</Filter>
    </ClCompile>
    <ClCompile Include="$(SolutionDir)code\renderergl2\tr_fbo.c">
      <Filter>Source Files</Filter>
    </ClCompile>
    <ClCompile Include="$(SolutionDir)code\renderergl2\tr_flares.c">
      <Filter>Source Files</Filter>
    </ClCompile>
    <ClCompile Include="$(SolutionDir)code\renderercommon\tr_font.c">
      <Filter>Source Files</Filter>
    </ClCompile>
    <ClCompile Include="$(SolutionDir)code\renderergl2\tr_glsl.c">
      <Filter>Source Files</Filter>
    </ClCompile>
    <ClCompile Include="$(SolutionDir)code\renderergl2\tr_image.c">
      <Filter>Source Files</Filter>
    </ClCompile>
    <ClCompile Include="$(SolutionDir)code\renderercommon\tr_image_bmp.c">
      <Filter>Source Files</Filter>
    </ClCompile>
    <ClCompile Include="$(SolutionDir)code\renderercommon\tr_image_jpg.c">
      <Filter>Source Files</Filter>
    </ClCompile>
    <ClCompile Include="$(SolutionDir)code\renderercommon\tr_image_pcx.c">
      <Filter>Source Files</Filter>
    </ClCompile>
    <ClCompile Include="$(SolutionDir)code\renderercommon\tr_image_png.c">
      <Filter>Source Files</Filter>
    </ClCompile>
    <ClCompile Include="$(SolutionDir)code\renderercommon\tr_image_tga.c">
      <Filter>Source Files</Filter>
    </ClCompile>
    <ClCompile Include="$(SolutionDir)code\renderergl2\tr_init.c">
      <Filter>Source Files</Filter>
    </ClCompile>
    <ClCompile Include="$(SolutionDir)code\renderergl2\tr_light.c">
      <Filter>Source Files</Filter>
    </ClCompile>
    <ClCompile Include="$(SolutionDir)code\renderergl2\tr_main.c">
      <Filter>Source Files</Filter>
    </ClCompile>
    <ClCompile Include="$(SolutionDir)code\renderergl2\tr_marks.c">
      <Filter>Source Files</Filter>
    </ClCompile>
    <ClCompile Include="$(SolutionDir)code\renderergl2\tr_mesh.c">
      <Filter>Source Files</Filter>
    </ClCompile>
    <ClCompile Include="$(SolutionDir)code\renderergl2\tr_model.c">
      <Filter>Source Files</Filter>
    </ClCompile>
    <ClCompile Include="$(SolutionDir)code\renderergl2\tr_model_iqm.c">
      <Filter>Source Files</Filter>
    </ClCompile>
    <ClCompile Include="$(SolutionDir)code\renderercommon\tr_noise.c">
      <Filter>Source Files</Filter>
    </ClCompile>
    <ClCompile Include="$(SolutionDir)code\renderergl2\tr_postprocess.c">
      <Filter>Source Files</Filter>
    </ClCompile>
    <ClCompile Include="$(SolutionDir)code\renderergl2\tr_scene.c">
      <Filter>Source Files</Filter>
    </ClCompile>
    <ClCompile Include="$(SolutionDir)code\renderergl2\tr_shade.c">
      <Filter>Source Files</Filter>
    </ClCompile>
    <ClCompile Include="$(SolutionDir)code\renderergl2\tr_shade_calc.c">
      <Filter>Source Files</Filter>
    </ClCompile>
    <ClCompile Include="$(SolutionDir)code\renderergl2\tr_shader.c">
      <Filter>Source Files</Filter>
    </ClCompile>
    <ClCompile Include="$(SolutionDir)code\renderergl2\tr_shadows.c">
      <Filter>Source Files</Filter>
    </ClCompile>
    <ClCompile Include="$(SolutionDir)code\renderergl2\tr_sky.c">
      <Filter>Source Files</Filter>
    </ClCompile>
    <ClCompile Include="$(SolutionDir)code\renderergl2\tr_subs.c">
      <Filter>Source Files</Filter>
    </ClCompile>
    <ClCompile Include="$(SolutionDir)code\renderergl2\tr_surface.c">
      <Filter>Source Files</Filter>
    </ClCompile>
    <ClCompile Include="$(SolutionDir)code\renderergl2\tr_vbo.c">
      <Filter>Source Files</Filter>
    </ClCompile>
    <ClCompile Include="$(SolutionDir)code\renderergl2\tr_world.c">
      <Filter>Source Files</Filter>
    </ClCompile>
    <ClCompile Include="$(SolutionDir)code\jpeg-8c\jaricom.c">
      <Filter>jpeg\Source Files</Filter>
    </ClCompile>
    <ClCompile Include="$(SolutionDir)code\jpeg-8c\jcapimin.c">
      <Filter>jpeg\Source Files</Filter>
    </ClCompile>
    <ClCompile Include="$(SolutionDir)code\jpeg-8c\jcapistd.c">
      <Filter>jpeg\Source Files</Filter>
    </ClCompile>
    <ClCompile Include="$(SolutionDir)code\jpeg-8c\jcarith.c">
      <Filter>jpeg\Source Files</Filter>
    </ClCompile>
    <ClCompile Include="$(SolutionDir)code\jpeg-8c\jccoefct.c">
      <Filter>jpeg\Source Files</Filter>
    </ClCompile>
    <ClCompile Include="$(SolutionDir)code\jpeg-8c\jccolor.c">
      <Filter>jpeg\Source Files</Filter>
    </ClCompile>
    <ClCompile Include="$(SolutionDir)code\jpeg-8c\jcdctmgr.c">
      <Filter>jpeg\Source Files</Filter>
    </ClCompile>
    <ClCompile Include="$(SolutionDir)code\jpeg-8c\jchuff.c">
      <Filter>jpeg\Source Files</Filter>
    </ClCompile>
    <ClCompile Include="$(SolutionDir)code\jpeg-8c\jcinit.c">
      <Filter>jpeg\Source Files</Filter>
    </ClCompile>
    <ClCompile Include="$(SolutionDir)code\jpeg-8c\jcmainct.c">
      <Filter>jpeg\Source Files</Filter>
    </ClCompile>
    <ClCompile Include="$(SolutionDir)code\jpeg-8c\jcmarker.c">
      <Filter>jpeg\Source Files</Filter>
    </ClCompile>
    <ClCompile Include="$(SolutionDir)code\jpeg-8c\jcmaster.c">
      <Filter>jpeg\Source Files</Filter>
    </ClCompile>
    <ClCompile Include="$(SolutionDir)code\jpeg-8c\jcomapi.c">
      <Filter>jpeg\Source Files</Filter>
    </ClCompile>
    <ClCompile Include="$(SolutionDir)code\jpeg-8c\jcparam.c">
      <Filter>jpeg\Source Files</Filter>
    </ClCompile>
    <ClCompile Include="$(SolutionDir)code\jpeg-8c\jcprepct.c">
      <Filter>jpeg\Source Files</Filter>
    </ClCompile>
    <ClCompile Include="$(SolutionDir)code\jpeg-8c\jcsample.c">
      <Filter>jpeg\Source Files</Filter>
    </ClCompile>
    <ClCompile Include="$(SolutionDir)code\jpeg-8c\jctrans.c">
      <Filter>jpeg\Source Files</Filter>
    </ClCompile>
    <ClCompile Include="$(SolutionDir)code\jpeg-8c\jdapimin.c">
      <Filter>jpeg\Source Files</Filter>
    </ClCompile>
    <ClCompile Include="$(SolutionDir)code\jpeg-8c\jdapistd.c">
      <Filter>jpeg\Source Files</Filter>
    </ClCompile>
    <ClCompile Include="$(SolutionDir)code\jpeg-8c\jdarith.c">
      <Filter>jpeg\Source Files</Filter>
    </ClCompile>
    <ClCompile Include="$(SolutionDir)code\jpeg-8c\jdatadst.c">
      <Filter>jpeg\Source Files</Filter>
    </ClCompile>
    <ClCompile Include="$(SolutionDir)code\jpeg-8c\jdatasrc.c">
      <Filter>jpeg\Source Files</Filter>
    </ClCompile>
    <ClCompile Include="$(SolutionDir)code\jpeg-8c\jdcoefct.c">
      <Filter>jpeg\Source Files</Filter>
    </ClCompile>
    <ClCompile Include="$(SolutionDir)code\jpeg-8c\jdcolor.c">
      <Filter>jpeg\Source Files</Filter>
    </ClCompile>
    <ClCompile Include="$(SolutionDir)code\jpeg-8c\jddctmgr.c">
      <Filter>jpeg\Source Files</Filter>
    </ClCompile>
    <ClCompile Include="$(SolutionDir)code\jpeg-8c\jdhuff.c">
      <Filter>jpeg\Source Files</Filter>
    </ClCompile>
    <ClCompile Include="$(SolutionDir)code\jpeg-8c\jdinput.c">
      <Filter>jpeg\Source Files</Filter>
    </ClCompile>
    <ClCompile Include="$(SolutionDir)code\jpeg-8c\jdmainct.c">
      <Filter>jpeg\Source Files</Filter>
    </ClCompile>
    <ClCompile Include="$(SolutionDir)code\jpeg-8c\jdmarker.c">
      <Filter>jpeg\Source Files</Filter>
    </ClCompile>
    <ClCompile Include="$(SolutionDir)code\jpeg-8c\jdmaster.c">
      <Filter>jpeg\Source Files</Filter>
    </ClCompile>
    <ClCompile Include="$(SolutionDir)code\jpeg-8c\jdmerge.c">
      <Filter>jpeg\Source Files</Filter>
    </ClCompile>
    <ClCompile Include="$(SolutionDir)code\jpeg-8c\jdpostct.c">
      <Filter>jpeg\Source Files</Filter>
    </ClCompile>
    <ClCompile Include="$(SolutionDir)code\jpeg-8c\jdsample.c">
      <Filter>jpeg\Source Files</Filter>
    </ClCompile>
    <ClCompile Include="$(SolutionDir)code\jpeg-8c\jdtrans.c">
      <Filter>jpeg\Source Files</Filter>
    </ClCompile>
    <ClCompile Include="$(SolutionDir)code\jpeg-8c\jerror.c">
      <Filter>jpeg\Source Files</Filter>
    </ClCompile>
    <ClCompile Include="$(SolutionDir)code\jpeg-8c\jfdctflt.c">
      <Filter>jpeg\Source Files</Filter>
    </ClCompile>
    <ClCompile Include="$(SolutionDir)code\jpeg-8c\jfdctfst.c">
      <Filter>jpeg\Source Files</Filter>
    </ClCompile>
    <ClCompile Include="$(SolutionDir)code\jpeg-8c\jfdctint.c">
      <Filter>jpeg\Source Files</Filter>
    </ClCompile>
    <ClCompile Include="$(SolutionDir)code\jpeg-8c\jidctflt.c">
      <Filter>jpeg\Source Files</Filter>
    </ClCompile>
    <ClCompile Include="$(SolutionDir)code\jpeg-8c\jidctfst.c">
      <Filter>jpeg\Source Files</Filter>
    </ClCompile>
    <ClCompile Include="$(SolutionDir)code\jpeg-8c\jidctint.c">
      <Filter>jpeg\Source Files</Filter>
    </ClCompile>
    <ClCompile Include="$(SolutionDir)code\jpeg-8c\jmemmgr.c">
      <Filter>jpeg\Source Files</Filter>
    </ClCompile>
    <ClCompile Include="$(SolutionDir)code\jpeg-8c\jmemnobs.c">
      <Filter>jpeg\Source Files</Filter>
    </ClCompile>
    <ClCompile Include="$(SolutionDir)code\jpeg-8c\jquant1.c">
      <Filter>jpeg\Source Files</Filter>
    </ClCompile>
    <ClCompile Include="$(SolutionDir)code\jpeg-8c\jquant2.c">
      <Filter>jpeg\Source Files</Filter>
    </ClCompile>
    <ClCompile Include="$(SolutionDir)code\jpeg-8c\jutils.c">
      <Filter>jpeg\Source Files</Filter>
    </ClCompile>
    <ClCompile Include="$(SolutionDir)code\zlib\adler32.c">
      <Filter>zlib</Filter>
    </ClCompile>
    <ClCompile Include="$(SolutionDir)code\zlib\crc32.c">
      <Filter>zlib</Filter>
    </ClCompile>
    <ClCompile Include="$(SolutionDir)code\zlib\inffast.c">
      <Filter>zlib</Filter>
    </ClCompile>
    <ClCompile Include="$(SolutionDir)code\zlib\inflate.c">
      <Filter>zlib</Filter>
    </ClCompile>
    <ClCompile Include="$(SolutionDir)code\zlib\inftrees.c">
      <Filter>zlib</Filter>
    </ClCompile>
    <ClCompile Include="$(SolutionDir)code\zlib\zutil.c">
      <Filter>zlib</Filter>
    </ClCompile>
    <ClCompile Include="$(SolutionDir)build\dynamic\renderergl2\bokeh_fp.c">
      <Filter>GLSL</Filter>
    </ClCompile>
    <ClCompile Include="$(SolutionDir)build\dynamic\renderergl2\bokeh_vp.c">
      <Filter>GLSL</Filter>
    </ClCompile>
    <ClCompile Include="$(SolutionDir)build\dynamic\renderergl2\calclevels4x_fp.c">
      <Filter>GLSL</Filter>
    </ClCompile>
    <ClCompile Include="$(SolutionDir)build\dynamic\renderergl2\calclevels4x_vp.c">
      <Filter>GLSL</Filter>
    </ClCompile>
    <ClCompile Include="$(SolutionDir)build\dynamic\renderergl2\depthblur_fp.c">
      <Filter>GLSL</Filter>
    </ClCompile>
    <ClCompile Include="$(SolutionDir)build\dynamic\renderergl2\depthblur_vp.c">
      <Filter>GLSL</Filter>
    </ClCompile>
    <ClCompile Include="$(SolutionDir)build\dynamic\renderergl2\dlight_fp.c">
      <Filter>GLSL</Filter>
    </ClCompile>
    <ClCompile Include="$(SolutionDir)build\dynamic\renderergl2\dlight_vp.c">
      <Filter>GLSL</Filter>
    </ClCompile>
    <ClCompile Include="$(SolutionDir)build\dynamic\renderergl2\down4x_fp.c">
      <Filter>GLSL</Filter>
    </ClCompile>
    <ClCompile Include="$(SolutionDir)build\dynamic\renderergl2\down4x_vp.c">
      <Filter>GLSL</Filter>
    </ClCompile>
    <ClCompile Include="$(SolutionDir)build\dynamic\renderergl2\fogpass_fp.c">
      <Filter>GLSL</Filter>
    </ClCompile>
    <ClCompile Include="$(SolutionDir)build\dynamic\renderergl2\fogpass_vp.c">
      <Filter>GLSL</Filter>
    </ClCompile>
    <ClCompile Include="$(SolutionDir)build\dynamic\renderergl2\generic_fp.c">
      <Filter>GLSL</Filter>
    </ClCompile>
    <ClCompile Include="$(SolutionDir)build\dynamic\renderergl2\generic_vp.c">
      <Filter>GLSL</Filter>
    </ClCompile>
    <ClCompile Include="$(SolutionDir)build\dynamic\renderergl2\lightall_fp.c">
      <Filter>GLSL</Filter>
    </ClCompile>
    <ClCompile Include="$(SolutionDir)build\dynamic\renderergl2\lightall_vp.c">
      <Filter>GLSL</Filter>
    </ClCompile>
    <ClCompile Include="$(SolutionDir)build\dynamic\renderergl2\pshadow_fp.c">
      <Filter>GLSL</Filter>
    </ClCompile>
    <ClCompile Include="$(SolutionDir)build\dynamic\renderergl2\pshadow_vp.c">
      <Filter>GLSL</Filter>
    </ClCompile>
    <ClCompile Include="$(SolutionDir)build\dynamic\renderergl2\shadowfill_fp.c">
      <Filter>GLSL</Filter>
    </ClCompile>
    <ClCompile Include="$(SolutionDir)build\dynamic\renderergl2\shadowfill_vp.c">
      <Filter>GLSL</Filter>
    </ClCompile>
    <ClCompile Include="$(SolutionDir)build\dynamic\renderergl2\shadowmask_fp.c">
      <Filter>GLSL</Filter>
    </ClCompile>
    <ClCompile Include="$(SolutionDir)build\dynamic\renderergl2\shadowmask_vp.c">
      <Filter>GLSL</Filter>
    </ClCompile>
    <ClCompile Include="$(SolutionDir)build\dynamic\renderergl2\ssao_fp.c">
      <Filter>GLSL</Filter>
    </ClCompile>
    <ClCompile Include="$(SolutionDir)build\dynamic\renderergl2\ssao_vp.c">
      <Filter>GLSL</Filter>
    </ClCompile>
    <ClCompile Include="$(SolutionDir)build\dynamic\renderergl2\texturecolor_fp.c">
      <Filter>GLSL</Filter>
    </ClCompile>
    <ClCompile Include="$(SolutionDir)build\dynamic\renderergl2\texturecolor_vp.c">
      <Filter>GLSL</Filter>
    </ClCompile>
    <ClCompile Include="$(SolutionDir)build\dynamic\renderergl2\tonemap_fp.c">
      <Filter>GLSL</Filter>
    </ClCompile>
    <ClCompile Include="$(SolutionDir)build\dynamic\renderergl2\tonemap_vp.c">
      <Filter>GLSL</Filter>
    </ClCompile>
    <ClCompile Include="$(SolutionDir)code\renderergl2\tr_dsa.c">
      <Filter>Source Files</Filter>
    </ClCompile>
    <ClCompile Include="..\..\code\renderergl2\tr_image_dds.c">
      <Filter>Source Files</Filter>
    </ClCompile>
  </ItemGroup>
  <ItemGroup>
    <ClInclude Include="$(SolutionDir)code\qcommon\puff.h">
      <Filter>Header Files</Filter>
    </ClInclude>
    <ClInclude Include="$(SolutionDir)code\qcommon\q_shared.h">
      <Filter>Header Files</Filter>
    </ClInclude>
    <ClInclude Include="$(SolutionDir)code\qcommon\qcommon.h">
      <Filter>Header Files</Filter>
    </ClInclude>
    <ClInclude Include="$(SolutionDir)code\qcommon\qfiles.h">
      <Filter>Header Files</Filter>
    </ClInclude>
    <ClInclude Include="$(SolutionDir)code\renderercommon\qgl.h">
      <Filter>Header Files</Filter>
    </ClInclude>
    <ClInclude Include="$(SolutionDir)code\win32\resource.h">
      <Filter>Header Files</Filter>
    </ClInclude>
    <ClInclude Include="$(SolutionDir)code\server\server.h">
      <Filter>Header Files</Filter>
    </ClInclude>
    <ClInclude Include="$(SolutionDir)code\client\snd_local.h">
      <Filter>Header Files</Filter>
    </ClInclude>
    <ClInclude Include="$(SolutionDir)code\client\snd_public.h">
      <Filter>Header Files</Filter>
    </ClInclude>
    <ClInclude Include="$(SolutionDir)code\qcommon\surfaceflags.h">
      <Filter>Header Files</Filter>
    </ClInclude>
    <ClInclude Include="$(SolutionDir)code\renderergl2\tr_extramath.h">
      <Filter>Header Files</Filter>
    </ClInclude>
    <ClInclude Include="$(SolutionDir)code\renderergl2\tr_extratypes.h">
      <Filter>Header Files</Filter>
    </ClInclude>
    <ClInclude Include="$(SolutionDir)code\renderergl2\tr_fbo.h">
      <Filter>Header Files</Filter>
    </ClInclude>
    <ClInclude Include="$(SolutionDir)code\renderergl2\tr_local.h">
      <Filter>Header Files</Filter>
    </ClInclude>
    <ClInclude Include="$(SolutionDir)code\renderergl2\tr_postprocess.h">
      <Filter>Header Files</Filter>
    </ClInclude>
    <ClInclude Include="$(SolutionDir)code\renderercommon\tr_public.h">
      <Filter>Header Files</Filter>
    </ClInclude>
    <ClInclude Include="$(SolutionDir)code\cgame\tr_types.h">
      <Filter>Header Files</Filter>
    </ClInclude>
    <ClInclude Include="$(SolutionDir)code\ui\ui_public.h">
      <Filter>Header Files</Filter>
    </ClInclude>
    <ClInclude Include="$(SolutionDir)code\qcommon\unzip.h">
      <Filter>Header Files</Filter>
    </ClInclude>
    <ClInclude Include="$(SolutionDir)code\qcommon\vm_local.h">
      <Filter>Header Files</Filter>
    </ClInclude>
    <ClInclude Include="$(SolutionDir)code\win32\win_local.h">
      <Filter>Header Files</Filter>
    </ClInclude>
    <ClInclude Include="$(SolutionDir)code\jpeg-6b\jchuff.h">
      <Filter>jpeg\Header Files</Filter>
    </ClInclude>
    <ClInclude Include="$(SolutionDir)code\jpeg-6b\jconfig.h">
      <Filter>jpeg\Header Files</Filter>
    </ClInclude>
    <ClInclude Include="$(SolutionDir)code\jpeg-6b\jdct.h">
      <Filter>jpeg\Header Files</Filter>
    </ClInclude>
    <ClInclude Include="$(SolutionDir)code\jpeg-6b\jdhuff.h">
      <Filter>jpeg\Header Files</Filter>
    </ClInclude>
    <ClInclude Include="$(SolutionDir)code\jpeg-6b\jerror.h">
      <Filter>jpeg\Header Files</Filter>
    </ClInclude>
    <ClInclude Include="$(SolutionDir)code\jpeg-6b\jinclude.h">
      <Filter>jpeg\Header Files</Filter>
    </ClInclude>
    <ClInclude Include="$(SolutionDir)code\jpeg-6b\jmemsys.h">
      <Filter>jpeg\Header Files</Filter>
    </ClInclude>
    <ClInclude Include="$(SolutionDir)code\jpeg-6b\jmorecfg.h">
      <Filter>jpeg\Header Files</Filter>
    </ClInclude>
    <ClInclude Include="$(SolutionDir)code\jpeg-6b\jpegint.h">
      <Filter>jpeg\Header Files</Filter>
    </ClInclude>
    <ClInclude Include="$(SolutionDir)code\jpeg-6b\jpeglib.h">
      <Filter>jpeg\Header Files</Filter>
    </ClInclude>
    <ClInclude Include="$(SolutionDir)code\jpeg-6b\jversion.h">
      <Filter>jpeg\Header Files</Filter>
    </ClInclude>
    <ClInclude Include="$(SolutionDir)code\renderergl2\tr_dsa.h">
      <Filter>Header Files</Filter>
    </ClInclude>
  </ItemGroup>
</Project>