<?xml version="1.0" encoding="utf-8"?>
<Project ToolsVersion="4.0" xmlns="http://schemas.microsoft.com/developer/msbuild/2003">
  <ItemGroup>
    <Filter Include="Source Files">
      <UniqueIdentifier>{9b55e5d6-1a36-4dc2-a4aa-fafa138dc53e}</UniqueIdentifier>
      <Extensions>cpp;c;cxx;rc;def;r;odl;idl;hpj;bat</Extensions>
    </Filter>
    <Filter Include="Header Files">
      <UniqueIdentifier>{220eb461-8648-4516-bbdb-0d924780edd9}</UniqueIdentifier>
      <Extensions>h;hpp;hxx;hm;inl</Extensions>
    </Filter>
    <Filter Include="Resource Files">
      <UniqueIdentifier>{faa745b4-a46b-4005-82db-3fbad801719e}</UniqueIdentifier>
    </Filter>
  </ItemGroup>
  <ItemGroup>
    <ClCompile Include="$(SolutionDir)code\game\bg_lib.c">
      <Filter>Source Files</Filter>
    </ClCompile>
    <ClCompile Include="$(SolutionDir)code\game\bg_misc.c">
      <Filter>Source Files</Filter>
    </ClCompile>
    <ClCompile Include="$(SolutionDir)code\qcommon\q_math.c">
      <Filter>Source Files</Filter>
    </ClCompile>
    <ClCompile Include="$(SolutionDir)code\qcommon\q_shared.c">
      <Filter>Source Files</Filter>
    </ClCompile>
    <ClCompile Include="$(SolutionDir)code\ui\ui_atoms.c">
      <Filter>Source Files</Filter>
    </ClCompile>
    <ClCompile Include="$(SolutionDir)code\ui\ui_gameinfo.c">
      <Filter>Source Files</Filter>
    </ClCompile>
    <ClCompile Include="$(SolutionDir)code\ui\ui_main.c">
      <Filter>Source Files</Filter>
    </ClCompile>
    <ClCompile Include="$(SolutionDir)code\ui\ui_players.c">
      <Filter>Source Files</Filter>
    </ClCompile>
    <ClCompile Include="$(SolutionDir)code\ui\ui_shared.c">
      <Filter>Source Files</Filter>
    </ClCompile>
    <ClCompile Include="$(SolutionDir)code\ui\ui_syscalls.c">
      <Filter>Source Files</Filter>
    </ClCompile>
  </ItemGroup>
  <ItemGroup>
    <None Include="ui.def">
      <Filter>Resource Files</Filter>
    </None>
  </ItemGroup>
  <ItemGroup>
    <CustomBuild Include="$(SolutionDir)code\game\bg_public.h">
      <Filter>Header Files</Filter>
    </CustomBuild>
    <CustomBuild Include="$(SolutionDir)code\ui\keycodes.h">
      <Filter>Header Files</Filter>
    </CustomBuild>
    <CustomBuild Include="$(SolutionDir)ui\menudef.h">
      <Filter>Header Files</Filter>
    </CustomBuild>
    <CustomBuild Include="$(SolutionDir)code\game\q_shared.h">
      <Filter>Header Files</Filter>
    </CustomBuild>
    <CustomBuild Include="$(SolutionDir)code\game\surfaceflags.h">
      <Filter>Header Files</Filter>
    </CustomBuild>
    <CustomBuild Include="$(SolutionDir)code\cgame\tr_types.h">
      <Filter>Header Files</Filter>
    </CustomBuild>
    <CustomBuild Include="$(SolutionDir)code\ui\ui_local.h">
      <Filter>Header Files</Filter>
    </CustomBuild>
    <CustomBuild Include="$(SolutionDir)code\ui\ui_public.h">
      <Filter>Header Files</Filter>
    </CustomBuild>
    <CustomBuild Include="$(SolutionDir)code\ui\ui_shared.h">
      <Filter>Header Files</Filter>
    </CustomBuild>
  </ItemGroup>
</Project>