<?xml version="1.0" encoding="utf-8"?>
<Project ToolsVersion="4.0" xmlns="http://schemas.microsoft.com/developer/msbuild/2003">
  <ItemGroup>
    <Filter Include="Source Files">
      <UniqueIdentifier>{d0725174-4427-41e2-8844-faeb9784a696}</UniqueIdentifier>
      <Extensions>cpp;c;cxx;rc;def;r;odl;idl;hpj;bat</Extensions>
    </Filter>
    <Filter Include="Header Files">
      <UniqueIdentifier>{b5fac841-7437-493f-ad30-4b4cedd1acfe}</UniqueIdentifier>
      <Extensions>h;hpp;hxx;hm;inl</Extensions>
    </Filter>
    <Filter Include="Source Files\spirv_compiled">
      <UniqueIdentifier>{b30d21cf-a2ec-44d4-80d2-73c969c32a41}</UniqueIdentifier>
    </Filter>
  </ItemGroup>
  <ItemGroup>
    <ClCompile Include="$(SolutionDir)code\vulkan\tr_animation.cpp">
      <Filter>Source Files</Filter>
    </ClCompile>
    <ClCompile Include="$(SolutionDir)code\vulkan\tr_backend.cpp">
      <Filter>Source Files</Filter>
    </ClCompile>
    <ClCompile Include="$(SolutionDir)code\vulkan\tr_bsp.cpp">
      <Filter>Source Files</Filter>
    </ClCompile>
    <ClCompile Include="$(SolutionDir)code\vulkan\tr_cmds.cpp">
      <Filter>Source Files</Filter>
    </ClCompile>
    <ClCompile Include="$(SolutionDir)code\vulkan\tr_curve.cpp">
      <Filter>Source Files</Filter>
    </ClCompile>
    <ClCompile Include="$(SolutionDir)code\vulkan\tr_font.cpp">
      <Filter>Source Files</Filter>
    </ClCompile>
    <ClCompile Include="$(SolutionDir)code\vulkan\tr_image.cpp">
      <Filter>Source Files</Filter>
    </ClCompile>
    <ClCompile Include="$(SolutionDir)code\vulkan\tr_init.cpp">
      <Filter>Source Files</Filter>
    </ClCompile>
    <ClCompile Include="$(SolutionDir)code\vulkan\tr_light.cpp">
      <Filter>Source Files</Filter>
    </ClCompile>
    <ClCompile Include="$(SolutionDir)code\vulkan\tr_main.cpp">
      <Filter>Source Files</Filter>
    </ClCompile>
    <ClCompile Include="$(SolutionDir)code\vulkan\tr_marks.cpp">
      <Filter>Source Files</Filter>
    </ClCompile>
    <ClCompile Include="$(SolutionDir)code\vulkan\tr_mesh.cpp">
      <Filter>Source Files</Filter>
    </ClCompile>
    <ClCompile Include="$(SolutionDir)code\vulkan\tr_model.cpp">
      <Filter>Source Files</Filter>
    </ClCompile>
    <ClCompile Include="$(SolutionDir)code\vulkan\tr_noise.cpp">
      <Filter>Source Files</Filter>
    </ClCompile>
    <ClCompile Include="$(SolutionDir)code\vulkan\tr_scene.cpp">
      <Filter>Source Files</Filter>
    </ClCompile>
    <ClCompile Include="$(SolutionDir)code\vulkan\tr_shade.cpp">
      <Filter>Source Files</Filter>
    </ClCompile>
    <ClCompile Include="$(SolutionDir)code\vulkan\tr_shade_calc.cpp">
      <Filter>Source Files</Filter>
    </ClCompile>
    <ClCompile Include="$(SolutionDir)code\vulkan\tr_shader.cpp">
      <Filter>Source Files</Filter>
    </ClCompile>
    <ClCompile Include="$(SolutionDir)code\vulkan\tr_shadows.cpp">
      <Filter>Source Files</Filter>
    </ClCompile>
    <ClCompile Include="$(SolutionDir)code\vulkan\tr_sky.cpp">
      <Filter>Source Files</Filter>
    </ClCompile>
    <ClCompile Include="$(SolutionDir)code\vulkan\tr_surface.cpp">
      <Filter>Source Files</Filter>
    </ClCompile>
    <ClCompile Include="$(SolutionDir)code\vulkan\tr_world.cpp">
      <Filter>Source Files</Filter>
    </ClCompile>
    <ClCompile Include="$(SolutionDir)code\vulkan\platform\win_qgl.cpp">
      <Filter>Source Files</Filter>
    </ClCompile>
    <ClCompile Include="$(SolutionDir)code\vulkan\vk.cpp">
      <Filter>Source Files</Filter>
    </ClCompile>
    <ClCompile Include="$(SolutionDir)code\vulkan\shaders\spirv\multi_texture_add_frag.cpp">
      <Filter>Source Files\spirv_compiled</Filter>
    </ClCompile>
    <ClCompile Include="$(SolutionDir)code\vulkan\shaders\spirv\multi_texture_mul_frag.cpp">
      <Filter>Source Files\spirv_compiled</Filter>
    </ClCompile>
    <ClCompile Include="$(SolutionDir)code\vulkan\shaders\spirv\multi_texture_vert.cpp">
      <Filter>Source Files\spirv_compiled</Filter>
    </ClCompile>
    <ClCompile Include="$(SolutionDir)code\vulkan\shaders\spirv\single_texture_frag.cpp">
      <Filter>Source Files\spirv_compiled</Filter>
    </ClCompile>
    <ClCompile Include="$(SolutionDir)code\vulkan\shaders\spirv\single_texture_vert.cpp">
      <Filter>Source Files\spirv_compiled</Filter>
    </ClCompile>
    <ClCompile Include="$(SolutionDir)code\vulkan\shaders\spirv\multi_texture_clipping_plane_vert.cpp">
      <Filter>Source Files\spirv_compiled</Filter>
    </ClCompile>
    <ClCompile Include="$(SolutionDir)code\vulkan\shaders\spirv\single_texture_clipping_plane_vert.cpp">
      <Filter>Source Files\spirv_compiled</Filter>
    </ClCompile>
    <ClCompile Include="..\..\code\qcommon\q_math.c">
      <Filter>Source Files</Filter>
    </ClCompile>
    <ClCompile Include="..\..\code\vulkan\platform\win_gamma.cpp">
      <Filter>Source Files</Filter>
    </ClCompile>
    <ClCompile Include="..\..\code\vulkan\platform\win_glimp.cpp">
      <Filter>Source Files</Filter>
    </ClCompile>
    <ClCompile Include="..\..\code\qcommon\q_shared.c">
      <Filter>Source Files</Filter>
    </ClCompile>
  </ItemGroup>
  <ItemGroup>
    <ClInclude Include="$(SolutionDir)code\qcommon\cm_public.h">
      <Filter>Header Files</Filter>
    </ClInclude>
    <ClInclude Include="$(SolutionDir)code\qcommon\q_shared.h">
      <Filter>Header Files</Filter>
    </ClInclude>
    <ClInclude Include="$(SolutionDir)code\qcommon\qcommon.h">
      <Filter>Header Files</Filter>
    </ClInclude>
    <ClInclude Include="$(SolutionDir)code\qcommon\qfiles.h">
      <Filter>Header Files</Filter>
    </ClInclude>
    <ClInclude Include="$(SolutionDir)code\vulkan\tr_local.h">
      <Filter>Header Files</Filter>
    </ClInclude>
    <ClInclude Include="$(SolutionDir)code\vulkan\platform\win_local.h">
      <Filter>Header Files</Filter>
    </ClInclude>
    <ClInclude Include="$(SolutionDir)code\qcommon\surfaceflags.h">
      <Filter>Header Files</Filter>
    </ClInclude>
    <ClInclude Include="$(SolutionDir)code\renderercommon\tr_types.h">
      <Filter>Header Files</Filter>
    </ClInclude>
    <ClInclude Include="..\..\code\renderercommon\tr_public.h">
      <Filter>Header Files</Filter>
    </ClInclude>
    <ClInclude Include="..\..\code\renderercommon\tr_common.h">
      <Filter>Header Files</Filter>
    </ClInclude>
    <ClInclude Include="..\..\code\server\server.h">
      <Filter>Header Files</Filter>
    </ClInclude>
    <ClInclude Include="..\..\code\qcommon\unzip.h">
      <Filter>Header Files</Filter>
    </ClInclude>
    <ClInclude Include="..\..\code\vulkan\qgl.h">
      <Filter>Header Files</Filter>
    </ClInclude>
    <ClInclude Include="$(SolutionDir)code\vulkan\vk.h">
      <Filter>Header Files</Filter>
    </ClInclude>
  </ItemGroup>
</Project>